
Microsoft Visual Studio Solution File, Format Version 10.00
# Visual Studio 2008
Project("{FAE04EC0-301F-11D3-BF4B-00C04F79EFBC}") = "Ninject.Website", "src\Ninject.Website\Ninject.Website.csproj", "{B3183114-15DE-48EC-9603-44B2BBA1BE32}"
EndProject
Project("{FAE04EC0-301F-11D3-BF4B-00C04F79EFBC}") = "Ninject.Website.Framework", "src\Ninject.Website.Framework\Ninject.Website.Framework.csproj", "{AA7B92B2-2752-4B42-AB58-ADABC9ED4205}"
EndProject
Project("{2150E333-8FDC-42A3-9474-1A3956D46DE8}") = "Build", "Build", "{335205AB-9F86-4DD0-9A8F-4A4CFB237EA8}"
	ProjectSection(SolutionItems) = preProject
		buildutils.rb = buildutils.rb
		rakefile.rb = rakefile.rb
		config\scripts.txt = config\scripts.txt
		config\stylesheets.txt = config\stylesheets.txt
	EndProjectSection
EndProject
Project("{FAE04EC0-301F-11D3-BF4B-00C04F79EFBC}") = "Ninject.Website.Services", "src\Ninject.Website.Services\Ninject.Website.Services.csproj", "{67D577F3-F480-4114-ADBC-1147A4449CF2}"
EndProject
Project("{FAE04EC0-301F-11D3-BF4B-00C04F79EFBC}") = "Ninject.Website.Services.Persistence", "src\Ninject.Website.Services.Persistence\Ninject.Website.Services.Persistence.csproj", "{06EACCCA-8362-42E6-9D59-77300CBBA9D6}"
EndProject
Project("{FAE04EC0-301F-11D3-BF4B-00C04F79EFBC}") = "Ninject.Website.Data", "src\Ninject.Website.Data\Ninject.Website.Data.csproj", "{F80270F7-59A2-4716-A437-32626AA44037}"
EndProject
Global
	GlobalSection(SolutionConfigurationPlatforms) = preSolution
		Debug|Any CPU = Debug|Any CPU
		Release|Any CPU = Release|Any CPU
	EndGlobalSection
	GlobalSection(ProjectConfigurationPlatforms) = postSolution
		{B3183114-15DE-48EC-9603-44B2BBA1BE32}.Debug|Any CPU.ActiveCfg = Debug|Any CPU
		{B3183114-15DE-48EC-9603-44B2BBA1BE32}.Debug|Any CPU.Build.0 = Debug|Any CPU
		{B3183114-15DE-48EC-9603-44B2BBA1BE32}.Release|Any CPU.ActiveCfg = Release|Any CPU
		{B3183114-15DE-48EC-9603-44B2BBA1BE32}.Release|Any CPU.Build.0 = Release|Any CPU
		{AA7B92B2-2752-4B42-AB58-ADABC9ED4205}.Debug|Any CPU.ActiveCfg = Debug|Any CPU
		{AA7B92B2-2752-4B42-AB58-ADABC9ED4205}.Debug|Any CPU.Build.0 = Debug|Any CPU
		{AA7B92B2-2752-4B42-AB58-ADABC9ED4205}.Release|Any CPU.ActiveCfg = Release|Any CPU
		{AA7B92B2-2752-4B42-AB58-ADABC9ED4205}.Release|Any CPU.Build.0 = Release|Any CPU
		{67D577F3-F480-4114-ADBC-1147A4449CF2}.Debug|Any CPU.ActiveCfg = Debug|Any CPU
		{67D577F3-F480-4114-ADBC-1147A4449CF2}.Debug|Any CPU.Build.0 = Debug|Any CPU
		{67D577F3-F480-4114-ADBC-1147A4449CF2}.Release|Any CPU.ActiveCfg = Release|Any CPU
		{67D577F3-F480-4114-ADBC-1147A4449CF2}.Release|Any CPU.Build.0 = Release|Any CPU
		{06EACCCA-8362-42E6-9D59-77300CBBA9D6}.Debug|Any CPU.ActiveCfg = Debug|Any CPU
		{06EACCCA-8362-42E6-9D59-77300CBBA9D6}.Debug|Any CPU.Build.0 = Debug|Any CPU
		{06EACCCA-8362-42E6-9D59-77300CBBA9D6}.Release|Any CPU.ActiveCfg = Release|Any CPU
		{06EACCCA-8362-42E6-9D59-77300CBBA9D6}.Release|Any CPU.Build.0 = Release|Any CPU
		{F80270F7-59A2-4716-A437-32626AA44037}.Debug|Any CPU.ActiveCfg = Debug|Any CPU
		{F80270F7-59A2-4716-A437-32626AA44037}.Debug|Any CPU.Build.0 = Debug|Any CPU
		{F80270F7-59A2-4716-A437-32626AA44037}.Release|Any CPU.ActiveCfg = Release|Any CPU
		{F80270F7-59A2-4716-A437-32626AA44037}.Release|Any CPU.Build.0 = Release|Any CPU
	EndGlobalSection
	GlobalSection(SolutionProperties) = preSolution
		HideSolutionNode = FALSE
	EndGlobalSection
EndGlobal
